{
    "_readme": [
        "This file locks the dependencies of your project to a known state",
        "Read more about it at https://getcomposer.org/doc/01-basic-usage.md#installing-dependencies",
        "This file is @generated automatically"
    ],
    "content-hash": "fb55f78e35fad4de04743749a79c1f97",
    "packages": [
        {
            "name": "trulyao/php-router",
            "version": "2.0.4",
            "source": {
                "type": "git",
                "url": "https://github.com/aosasona/php-router.git",
                "reference": "c84fdee83556da13f29cb074a620ce3fa4130798"
            },
            "dist": {
                "type": "zip",
                "url": "https://api.github.com/repos/aosasona/php-router/zipball/c84fdee83556da13f29cb074a620ce3fa4130798",
                "reference": "c84fdee83556da13f29cb074a620ce3fa4130798",
                "shasum": ""
            },
            "require": {
                "ext-json": "*",
                "php": ">=7.4"
            },
            "require-dev": {
                "phpunit/phpunit": "^9"
            },
            "type": "library",
            "autoload": {
                "psr-4": {
                    "Trulyao\\PhpRouter\\": "src/"
                }
            },
            "notification-url": "https://packagist.org/downloads/",
            "license": [
                "MIT"
            ],
            "authors": [
                {
                    "name": "Ayodeji O",
                    "email": "osasonaayodeji1@gmail.com"
                }
            ],
            "description": "A simple express-style router for PHP",
            "homepage": "https://github.com/aosasona/php-router",
            "keywords": [
                "api",
                "express",
                "php",
                "router"
            ],
            "support": {
                "issues": "https://github.com/aosasona/php-router/issues",
                "source": "https://github.com/aosasona/php-router/tree/2.0.4"
            },
            "time": "2022-08-20T22:02:30+00:00"
        }
    ],
    "packages-dev": [],
    "aliases": [],
    "minimum-stability": "stable",
    "stability-flags": [],
    "prefer-stable": false,
    "prefer-lowest": false,
    "platform": {
        "ext-pdo": "*"
    },
    "platform-dev": [],
    "plugin-api-version": "2.3.0"
}
